
Microsoft Visual Studio Solution File, Format Version 12.00
# Visual Studio Version 16
VisualStudioVersion = 16.0.29905.134
MinimumVisualStudioVersion = 10.0.40219.1
Project("{FAE04EC0-301F-11D3-BF4B-00C04F79EFBC}") = "WingtipToys", "WingtipToys\WingtipToys.csproj", "{F6CBD8A0-AE30-419A-9255-532F6660245D}"
EndProject
Project("{FAE04EC0-301F-11D3-BF4B-00C04F79EFBC}") = "WingtipToys.Tests", "WingtipToys.Tests\WingtipToys.Tests.csproj", "{A4613CD9-94F0-46EB-84CD-9A063667DD6E}"
EndProject
Global
	GlobalSection(SolutionConfigurationPlatforms) = preSolution
		Debug|Any CPU = Debug|Any CPU
		Release|Any CPU = Release|Any CPU
	EndGlobalSection
	GlobalSection(ProjectConfigurationPlatforms) = postSolution
		{F6CBD8A0-AE30-419A-9255-532F6660245D}.Debug|Any CPU.ActiveCfg = Debug|Any CPU
		{F6CBD8A0-AE30-419A-9255-532F6660245D}.Debug|Any CPU.Build.0 = Debug|Any CPU
		{F6CBD8A0-AE30-419A-9255-532F6660245D}.Release|Any CPU.ActiveCfg = Release|Any CPU
		{F6CBD8A0-AE30-419A-9255-532F6660245D}.Release|Any CPU.Build.0 = Release|Any CPU
		{A4613CD9-94F0-46EB-84CD-9A063667DD6E}.Debug|Any CPU.ActiveCfg = Debug|Any CPU
		{A4613CD9-94F0-46EB-84CD-9A063667DD6E}.Debug|Any CPU.Build.0 = Debug|Any CPU
		{A4613CD9-94F0-46EB-84CD-9A063667DD6E}.Release|Any CPU.ActiveCfg = Release|Any CPU
		{A4613CD9-94F0-46EB-84CD-9A063667DD6E}.Release|Any CPU.Build.0 = Release|Any CPU
	EndGlobalSection
	GlobalSection(SolutionProperties) = preSolution
		HideSolutionNode = FALSE
	EndGlobalSection
	GlobalSection(ExtensibilityGlobals) = postSolution
		SolutionGuid = {64A805A6-1711-4C98-A644-4D3939D8C396}
	EndGlobalSection
EndGlobal
